<?xml version="1.0" encoding="utf-8"?>
<Project ToolsVersion="4.0" xmlns="http://schemas.microsoft.com/developer/msbuild/2003">
  <ItemGroup>
    <Filter Include="Исходные файлы">
      <UniqueIdentifier>{4FC737F1-C7A5-4376-A066-2A32D752A2FF}</UniqueIdentifier>
      <Extensions>cpp;c;cc;cxx;c++;cppm;ixx;def;odl;idl;hpj;bat;asm;asmx</Extensions>
    </Filter>
    <Filter Include="Файлы заголовков">
      <UniqueIdentifier>{93995380-89BD-4b04-88EB-625FBE52EBFB}</UniqueIdentifier>
      <Extensions>h;hh;hpp;hxx;h++;hm;inl;inc;ipp;xsd</Extensions>
    </Filter>
    <Filter Include="Файлы ресурсов">
      <UniqueIdentifier>{67DA6AB6-F800-4c08-8B7A-83BB121AAD01}</UniqueIdentifier>
      <Extensions>rc;ico;cur;bmp;dlg;rc2;rct;bin;rgs;gif;jpg;jpeg;jpe;resx;tiff;tif;png;wav;mfcribbon-ms</Extensions>
    </Filter>
    <Filter Include="Исходные файлы\Rebuild">
      <UniqueIdentifier>{7ec7e798-c03b-4022-9ee5-bf0ec0ca75fd}</UniqueIdentifier>
    </Filter>
    <Filter Include="Исходные файлы\Done">
      <UniqueIdentifier>{d5bb3a77-51ed-4a41-93be-7810c6c4b4f9}</UniqueIdentifier>
    </Filter>
    <Filter Include="Файлы заголовков\Done">
      <UniqueIdentifier>{e1a15c0b-ef95-4241-b272-8652ba656fb6}</UniqueIdentifier>
    </Filter>
    <Filter Include="Файлы заголовков\Rebuild">
      <UniqueIdentifier>{f3f7900d-305d-4a13-8b77-146fa1356039}</UniqueIdentifier>
    </Filter>
    <Filter Include="Файлы заголовков\NeedCheck">
      <UniqueIdentifier>{bc3213f0-4b82-4f23-bc87-721912fc9fdd}</UniqueIdentifier>
    </Filter>
    <Filter Include="Исходные файлы\NeedCheck">
      <UniqueIdentifier>{165ebbc2-6233-4e2b-9300-9a5cb4a4976f}</UniqueIdentifier>
    </Filter>
    <Filter Include="addcom">
      <UniqueIdentifier>{cb954137-98fa-49da-93ca-e3353b01435a}</UniqueIdentifier>
    </Filter>
    <Filter Include="Файлы заголовков\addCom">
      <UniqueIdentifier>{6501a151-5c2f-448c-9eab-ffe5feb5333d}</UniqueIdentifier>
    </Filter>
  </ItemGroup>
  <ItemGroup>
    <ClInclude Include="TScanTable.h">
      <Filter>Файлы заголовков\NeedCheck</Filter>
    </ClInclude>
    <ClInclude Include="TArrayHashTable.h">
      <Filter>Файлы заголовков\NeedCheck</Filter>
    </ClInclude>
    <ClInclude Include="TestScan.h">
      <Filter>Файлы заголовков\NeedCheck</Filter>
    </ClInclude>
    <ClInclude Include="THashTable.h">
      <Filter>Файлы заголовков\NeedCheck</Filter>
    </ClInclude>
    <ClInclude Include="TListHashTable.h">
      <Filter>Файлы заголовков\NeedCheck</Filter>
    </ClInclude>
    <ClInclude Include="TSortTable.h">
      <Filter>Файлы заголовков\NeedCheck</Filter>
    </ClInclude>
    <ClInclude Include="TWarAndWorld.h">
      <Filter>Файлы заголовков\Done</Filter>
    </ClInclude>
    <ClInclude Include="InputHandler.h">
      <Filter>Файлы заголовков\Done</Filter>
    </ClInclude>
    <ClInclude Include="TDatCom.h">
      <Filter>Файлы заголовков\Done</Filter>
    </ClInclude>
    <ClInclude Include="TTable.h">
      <Filter>Файлы заголовков\Done</Filter>
    </ClInclude>
    <ClInclude Include="TArrayTable.h">
      <Filter>Файлы заголовков\Done</Filter>
    </ClInclude>
    <ClInclude Include="TMarks.h">
      <Filter>Файлы заголовков\Done</Filter>
    </ClInclude>
    <ClInclude Include="TDataValue.h">
      <Filter>Файлы заголовков\Done</Filter>
    </ClInclude>
    <ClInclude Include="TTabRecord.h">
      <Filter>Файлы заголовков\Done</Filter>
    </ClInclude>
  </ItemGroup>
  <ItemGroup>
    <ClCompile Include="main.cpp">
      <Filter>Исходные файлы</Filter>
    </ClCompile>
    <ClCompile Include="TSortTable.cpp">
      <Filter>Исходные файлы\NeedCheck</Filter>
    </ClCompile>
    <ClCompile Include="TListHashTable.cpp">
      <Filter>Исходные файлы\NeedCheck</Filter>
    </ClCompile>
    <ClCompile Include="THashTable.cpp">
      <Filter>Исходные файлы\NeedCheck</Filter>
    </ClCompile>
    <ClCompile Include="TestScanTable.cpp">
      <Filter>Исходные файлы\NeedCheck</Filter>
    </ClCompile>
    <ClCompile Include="TestScan.cpp">
      <Filter>Исходные файлы\NeedCheck</Filter>
    </ClCompile>
    <ClCompile Include="TArrayHashTable.cpp">
      <Filter>Исходные файлы\NeedCheck</Filter>
    </ClCompile>
    <ClCompile Include="TScanTable.cpp">
      <Filter>Исходные файлы\NeedCheck</Filter>
    </ClCompile>
    <ClCompile Include="TWarAndWorld.cpp">
      <Filter>Исходные файлы\Done</Filter>
    </ClCompile>
    <ClCompile Include="InputHandler.cpp">
      <Filter>Исходные файлы\Done</Filter>
    </ClCompile>
    <ClCompile Include="TArrayTable.cpp">
      <Filter>Исходные файлы\Done</Filter>
    </ClCompile>
    <ClCompile Include="TMarks.cpp">
      <Filter>Исходные файлы\Done</Filter>
    </ClCompile>
  </ItemGroup>
  <ItemGroup>
    <Text Include="..\WarAndPeace.txt">
      <Filter>Файлы ресурсов</Filter>
    </Text>
    <Text Include="..\text-full.txt">
      <Filter>Файлы ресурсов</Filter>
    </Text>
  </ItemGroup>
</Project>